
Microsoft Visual Studio Solution File, Format Version 12.00
# Visual Studio Version 17
VisualStudioVersion = 17.14.36511.14 d17.14
MinimumVisualStudioVersion = 10.0.40219.1
Project("{FAE04EC0-301F-11D3-BF4B-00C04F79EFBC}") = "C#MazeCrawler", "C#MazeCrawler.csproj", "{451E1CC7-E9F0-4505-A81D-D16A7E95A470}"
EndProject
Global
	GlobalSection(SolutionConfigurationPlatforms) = preSolution
		Debug|Any CPU = Debug|Any CPU
		Release|Any CPU = Release|Any CPU
	EndGlobalSection
	GlobalSection(ProjectConfigurationPlatforms) = postSolution
		{451E1CC7-E9F0-4505-A81D-D16A7E95A470}.Debug|Any CPU.ActiveCfg = Debug|Any CPU
		{451E1CC7-E9F0-4505-A81D-D16A7E95A470}.Debug|Any CPU.Build.0 = Debug|Any CPU
		{451E1CC7-E9F0-4505-A81D-D16A7E95A470}.Release|Any CPU.ActiveCfg = Release|Any CPU
		{451E1CC7-E9F0-4505-A81D-D16A7E95A470}.Release|Any CPU.Build.0 = Release|Any CPU
	EndGlobalSection
	GlobalSection(SolutionProperties) = preSolution
		HideSolutionNode = FALSE
	EndGlobalSection
	GlobalSection(ExtensibilityGlobals) = postSolution
		SolutionGuid = {94E86677-4662-45FB-A765-5D9DAD3F485F}
	EndGlobalSection
EndGlobal
